// !$*UTF8*$!
{
	archiveVersion = 1;
	classes = {
	};
	objectVersion = 56;
	objects = {

/* Begin PBXBuildFile section */
		818692122B6710BE00ABF222 /* LottieAnimationsListApp.swift in Sources */ = {isa = PBXBuildFile; fileRef = 818692112B6710BE00ABF222 /* LottieAnimationsListApp.swift */; };
		818692162B6710BF00ABF222 /* Assets.xcassets in Resources */ = {isa = PBXBuildFile; fileRef = 818692152B6710BF00ABF222 /* Assets.xcassets */; };
		818692192B6710BF00ABF222 /* Preview Assets.xcassets in Resources */ = {isa = PBXBuildFile; fileRef = 818692182B6710BF00ABF222 /* Preview Assets.xcassets */; };
		818692222B6710F500ABF222 /* AnimationsListView.swift in Sources */ = {isa = PBXBuildFile; fileRef = 818692212B6710F500ABF222 /* AnimationsListView.swift */; };
		818692252B67126F00ABF222 /* Lottie in Frameworks */ = {isa = PBXBuildFile; productRef = 818692242B67126F00ABF222 /* Lottie */; };
		818692272B67129600ABF222 /* LottieView.swift in Sources */ = {isa = PBXBuildFile; fileRef = 818692262B67129600ABF222 /* LottieView.swift */; };
		8186922A2B67159B00ABF222 /* Animation - 1706482925589.json in Resources */ = {isa = PBXBuildFile; fileRef = 818692292B67159B00ABF222 /* Animation - 1706482925589.json */; };
		8186922D2B67163700ABF222 /* Animation - 1706483360553.json in Resources */ = {isa = PBXBuildFile; fileRef = 8186922B2B67163700ABF222 /* Animation - 1706483360553.json */; };
		8186922E2B67163700ABF222 /* Animation - 1706483313212.json in Resources */ = {isa = PBXBuildFile; fileRef = 8186922C2B67163700ABF222 /* Animation - 1706483313212.json */; };
		81F189562B67171200958A4B /* FavouriteAnimation.swift in Sources */ = {isa = PBXBuildFile; fileRef = 81F189552B67171200958A4B /* FavouriteAnimation.swift */; };
/* End PBXBuildFile section */

/* Begin PBXFileReference section */
		8186920E2B6710BE00ABF222 /* LottieAnimationsList.app */ = {isa = PBXFileReference; explicitFileType = wrapper.application; includeInIndex = 0; path = LottieAnimationsList.app; sourceTree = BUILT_PRODUCTS_DIR; };
		818692112B6710BE00ABF222 /* LottieAnimationsListApp.swift */ = {isa = PBXFileReference; lastKnownFileType = sourcecode.swift; path = LottieAnimationsListApp.swift; sourceTree = "<group>"; };
		818692152B6710BF00ABF222 /* Assets.xcassets */ = {isa = PBXFileReference; lastKnownFileType = folder.assetcatalog; path = Assets.xcassets; sourceTree = "<group>"; };
		818692182B6710BF00ABF222 /* Preview Assets.xcassets */ = {isa = PBXFileReference; lastKnownFileType = folder.assetcatalog; path = "Preview Assets.xcassets"; sourceTree = "<group>"; };
		818692212B6710F500ABF222 /* AnimationsListView.swift */ = {isa = PBXFileReference; lastKnownFileType = sourcecode.swift; path = AnimationsListView.swift; sourceTree = "<group>"; };
		818692262B67129600ABF222 /* LottieView.swift */ = {isa = PBXFileReference; lastKnownFileType = sourcecode.swift; path = LottieView.swift; sourceTree = "<group>"; };
		818692292B67159B00ABF222 /* Animation - 1706482925589.json */ = {isa = PBXFileReference; fileEncoding = 4; lastKnownFileType = text.json; path = "Animation - 1706482925589.json"; sourceTree = "<group>"; };
		8186922B2B67163700ABF222 /* Animation - 1706483360553.json */ = {isa = PBXFileReference; fileEncoding = 4; lastKnownFileType = text.json; path = "Animation - 1706483360553.json"; sourceTree = "<group>"; };
		8186922C2B67163700ABF222 /* Animation - 1706483313212.json */ = {isa = PBXFileReference; fileEncoding = 4; lastKnownFileType = text.json; path = "Animation - 1706483313212.json"; sourceTree = "<group>"; };
		81F189552B67171200958A4B /* FavouriteAnimation.swift */ = {isa = PBXFileReference; lastKnownFileType = sourcecode.swift; path = FavouriteAnimation.swift; sourceTree = "<group>"; };
/* End PBXFileReference section */

/* Begin PBXFrameworksBuildPhase section */
		8186920B2B6710BE00ABF222 /* Frameworks */ = {
			isa = PBXFrameworksBuildPhase;
			buildActionMask = 2147483647;
			files = (
				818692252B67126F00ABF222 /* Lottie in Frameworks */,
			);
			runOnlyForDeploymentPostprocessing = 0;
		};
/* End PBXFrameworksBuildPhase section */

/* Begin PBXGroup section */
		818692052B6710BE00ABF222 = {
			isa = PBXGroup;
			children = (
				818692102B6710BE00ABF222 /* LottieAnimationsList */,
				8186920F2B6710BE00ABF222 /* Products */,
			);
			sourceTree = "<group>";
		};
		8186920F2B6710BE00ABF222 /* Products */ = {
			isa = PBXGroup;
			children = (
				8186920E2B6710BE00ABF222 /* LottieAnimationsList.app */,
			);
			name = Products;
			sourceTree = "<group>";
		};
		818692102B6710BE00ABF222 /* LottieAnimationsList */ = {
			isa = PBXGroup;
			children = (
				818692112B6710BE00ABF222 /* LottieAnimationsListApp.swift */,
				818692282B67153D00ABF222 /* Animations */,
				8186921F2B6710DD00ABF222 /* Model */,
				818692202B6710E100ABF222 /* Views */,
				818692152B6710BF00ABF222 /* Assets.xcassets */,
				818692172B6710BF00ABF222 /* Preview Content */,
			);
			path = LottieAnimationsList;
			sourceTree = "<group>";
		};
		818692172B6710BF00ABF222 /* Preview Content */ = {
			isa = PBXGroup;
			children = (
				818692182B6710BF00ABF222 /* Preview Assets.xcassets */,
			);
			path = "Preview Content";
			sourceTree = "<group>";
		};
		8186921F2B6710DD00ABF222 /* Model */ = {
			isa = PBXGroup;
			children = (
				81F189552B67171200958A4B /* FavouriteAnimation.swift */,
			);
			path = Model;
			sourceTree = "<group>";
		};
		818692202B6710E100ABF222 /* Views */ = {
			isa = PBXGroup;
			children = (
				818692212B6710F500ABF222 /* AnimationsListView.swift */,
				818692262B67129600ABF222 /* LottieView.swift */,
			);
			path = Views;
			sourceTree = "<group>";
		};
		818692282B67153D00ABF222 /* Animations */ = {
			isa = PBXGroup;
			children = (
				818692292B67159B00ABF222 /* Animation - 1706482925589.json */,
				8186922C2B67163700ABF222 /* Animation - 1706483313212.json */,
				8186922B2B67163700ABF222 /* Animation - 1706483360553.json */,
			);
			path = Animations;
			sourceTree = "<group>";
		};
/* End PBXGroup section */

/* Begin PBXNativeTarget section */
		8186920D2B6710BE00ABF222 /* LottieAnimationsList */ = {
			isa = PBXNativeTarget;
			buildConfigurationList = 8186921C2B6710BF00ABF222 /* Build configuration list for PBXNativeTarget "LottieAnimationsList" */;
			buildPhases = (
				8186920A2B6710BE00ABF222 /* Sources */,
				8186920B2B6710BE00ABF222 /* Frameworks */,
				8186920C2B6710BE00ABF222 /* Resources */,
			);
			buildRules = (
			);
			dependencies = (
			);
			name = LottieAnimationsList;
			packageProductDependencies = (
				818692242B67126F00ABF222 /* Lottie */,
			);
			productName = LottieAnimationsList;
			productReference = 8186920E2B6710BE00ABF222 /* LottieAnimationsList.app */;
			productType = "com.apple.product-type.application";
		};
/* End PBXNativeTarget section */

/* Begin PBXProject section */
		818692062B6710BE00ABF222 /* Project object */ = {
			isa = PBXProject;
			attributes = {
				BuildIndependentTargetsInParallel = 1;
				LastSwiftUpdateCheck = 1520;
				LastUpgradeCheck = 1520;
				TargetAttributes = {
					8186920D2B6710BE00ABF222 = {
						CreatedOnToolsVersion = 15.2;
					};
				};
			};
			buildConfigurationList = 818692092B6710BE00ABF222 /* Build configuration list for PBXProject "LottieAnimationsList" */;
			compatibilityVersion = "Xcode 14.0";
			developmentRegion = en;
			hasScannedForEncodings = 0;
			knownRegions = (
				en,
				Base,
			);
			mainGroup = 818692052B6710BE00ABF222;
			packageReferences = (
				818692232B67126F00ABF222 /* XCRemoteSwiftPackageReference "lottie-ios" */,
			);
			productRefGroup = 8186920F2B6710BE00ABF222 /* Products */;
			projectDirPath = "";
			projectRoot = "";
			targets = (
				8186920D2B6710BE00ABF222 /* LottieAnimationsList */,
			);
		};
/* End PBXProject section */

/* Begin PBXResourcesBuildPhase section */
		8186920C2B6710BE00ABF222 /* Resources */ = {
			isa = PBXResourcesBuildPhase;
			buildActionMask = 2147483647;
			files = (
				818692192B6710BF00ABF222 /* Preview Assets.xcassets in Resources */,
				818692162B6710BF00ABF222 /* Assets.xcassets in Resources */,
				8186922E2B67163700ABF222 /* Animation - 1706483313212.json in Resources */,
				8186922D2B67163700ABF222 /* Animation - 1706483360553.json in Resources */,
				8186922A2B67159B00ABF222 /* Animation - 1706482925589.json in Resources */,
			);
			runOnlyForDeploymentPostprocessing = 0;
		};
/* End PBXResourcesBuildPhase section */

/* Begin PBXSourcesBuildPhase section */
		8186920A2B6710BE00ABF222 /* Sources */ = {
			isa = PBXSourcesBuildPhase;
			buildActionMask = 2147483647;
			files = (
				81F189562B67171200958A4B /* FavouriteAnimation.swift in Sources */,
				818692122B6710BE00ABF222 /* LottieAnimationsListApp.swift in Sources */,
				818692222B6710F500ABF222 /* AnimationsListView.swift in Sources */,
				818692272B67129600ABF222 /* LottieView.swift in Sources */,
			);
			runOnlyForDeploymentPostprocessing = 0;
		};
/* End PBXSourcesBuildPhase section */

/* Begin XCBuildConfiguration section */
		8186921A2B6710BF00ABF222 /* Debug */ = {
			isa = XCBuildConfiguration;
			buildSettings = {
				ALWAYS_SEARCH_USER_PATHS = NO;
				ASSETCATALOG_COMPILER_GENERATE_SWIFT_ASSET_SYMBOL_EXTENSIONS = YES;
				CLANG_ANALYZER_NONNULL = YES;
				CLANG_ANALYZER_NUMBER_OBJECT_CONVERSION = YES_AGGRESSIVE;
				CLANG_CXX_LANGUAGE_STANDARD = "gnu++20";
				CLANG_ENABLE_MODULES = YES;
				CLANG_ENABLE_OBJC_ARC = YES;
				CLANG_ENABLE_OBJC_WEAK = YES;
				CLANG_WARN_BLOCK_CAPTURE_AUTORELEASING = YES;
				CLANG_WARN_BOOL_CONVERSION = YES;
				CLANG_WARN_COMMA = YES;
				CLANG_WARN_CONSTANT_CONVERSION = YES;
				CLANG_WARN_DEPRECATED_OBJC_IMPLEMENTATIONS = YES;
				CLANG_WARN_DIRECT_OBJC_ISA_USAGE = YES_ERROR;
				CLANG_WARN_DOCUMENTATION_COMMENTS = YES;
				CLANG_WARN_EMPTY_BODY = YES;
				CLANG_WARN_ENUM_CONVERSION = YES;
				CLANG_WARN_INFINITE_RECURSION = YES;
				CLANG_WARN_INT_CONVERSION = YES;
				CLANG_WARN_NON_LITERAL_NULL_CONVERSION = YES;
				CLANG_WARN_OBJC_IMPLICIT_RETAIN_SELF = YES;
				CLANG_WARN_OBJC_LITERAL_CONVERSION = YES;
				CLANG_WARN_OBJC_ROOT_CLASS = YES_ERROR;
				CLANG_WARN_QUOTED_INCLUDE_IN_FRAMEWORK_HEADER = YES;
				CLANG_WARN_RANGE_LOOP_ANALYSIS = YES;
				CLANG_WARN_STRICT_PROTOTYPES = YES;
				CLANG_WARN_SUSPICIOUS_MOVE = YES;
				CLANG_WARN_UNGUARDED_AVAILABILITY = YES_AGGRESSIVE;
				CLANG_WARN_UNREACHABLE_CODE = YES;
				CLANG_WARN__DUPLICATE_METHOD_MATCH = YES;
				COPY_PHASE_STRIP = NO;
				DEBUG_INFORMATION_FORMAT = dwarf;
				ENABLE_STRICT_OBJC_MSGSEND = YES;
				ENABLE_TESTABILITY = YES;
				ENABLE_USER_SCRIPT_SANDBOXING = YES;
				GCC_C_LANGUAGE_STANDARD = gnu17;
				GCC_DYNAMIC_NO_PIC = NO;
				GCC_NO_COMMON_BLOCKS = YES;
				GCC_OPTIMIZATION_LEVEL = 0;
				GCC_PREPROCESSOR_DEFINITIONS = (
					"DEBUG=1",
					"$(inherited)",
				);
				GCC_WARN_64_TO_32_BIT_CONVERSION = YES;
				GCC_WARN_ABOUT_RETURN_TYPE = YES_ERROR;
				GCC_WARN_UNDECLARED_SELECTOR = YES;
				GCC_WARN_UNINITIALIZED_AUTOS = YES_AGGRESSIVE;
				GCC_WARN_UNUSED_FUNCTION = YES;
				GCC_WARN_UNUSED_VARIABLE = YES;
				IPHONEOS_DEPLOYMENT_TARGET = 17.2;
				LOCALIZATION_PREFERS_STRING_CATALOGS = YES;
				MTL_ENABLE_DEBUG_INFO = INCLUDE_SOURCE;
				MTL_FAST_MATH = YES;
				ONLY_ACTIVE_ARCH = YES;
				SDKROOT = iphoneos;
				SWIFT_ACTIVE_COMPILATION_CONDITIONS = "DEBUG $(inherited)";
				SWIFT_OPTIMIZATION_LEVEL = "-Onone";
			};
			name = Debug;
		};
		8186921B2B6710BF00ABF222 /* Release */ = {
			isa = XCBuildConfiguration;
			buildSettings = {
				ALWAYS_SEARCH_USER_PATHS = NO;
				ASSETCATALOG_COMPILER_GENERATE_SWIFT_ASSET_SYMBOL_EXTENSIONS = YES;
				CLANG_ANALYZER_NONNULL = YES;
				CLANG_ANALYZER_NUMBER_OBJECT_CONVERSION = YES_AGGRESSIVE;
				CLANG_CXX_LANGUAGE_STANDARD = "gnu++20";
				CLANG_ENABLE_MODULES = YES;
				CLANG_ENABLE_OBJC_ARC = YES;
				CLANG_ENABLE_OBJC_WEAK = YES;
				CLANG_WARN_BLOCK_CAPTURE_AUTORELEASING = YES;
				CLANG_WARN_BOOL_CONVERSION = YES;
				CLANG_WARN_COMMA = YES;
				CLANG_WARN_CONSTANT_CONVERSION = YES;
				CLANG_WARN_DEPRECATED_OBJC_IMPLEMENTATIONS = YES;
				CLANG_WARN_DIRECT_OBJC_ISA_USAGE = YES_ERROR;
				CLANG_WARN_DOCUMENTATION_COMMENTS = YES;
				CLANG_WARN_EMPTY_BODY = YES;
				CLANG_WARN_ENUM_CONVERSION = YES;
				CLANG_WARN_INFINITE_RECURSION = YES;
				CLANG_WARN_INT_CONVERSION = YES;
				CLANG_WARN_NON_LITERAL_NULL_CONVERSION = YES;
				CLANG_WARN_OBJC_IMPLICIT_RETAIN_SELF = YES;
				CLANG_WARN_OBJC_LITERAL_CONVERSION = YES;
				CLANG_WARN_OBJC_ROOT_CLASS = YES_ERROR;
				CLANG_WARN_QUOTED_INCLUDE_IN_FRAMEWORK_HEADER = YES;
				CLANG_WARN_RANGE_LOOP_ANALYSIS = YES;
				CLANG_WARN_STRICT_PROTOTYPES = YES;
				CLANG_WARN_SUSPICIOUS_MOVE = YES;
				CLANG_WARN_UNGUARDED_AVAILABILITY = YES_AGGRESSIVE;
				CLANG_WARN_UNREACHABLE_CODE = YES;
				CLANG_WARN__DUPLICATE_METHOD_MATCH = YES;
				COPY_PHASE_STRIP = NO;
				DEBUG_INFORMATION_FORMAT = "dwarf-with-dsym";
				ENABLE_NS_ASSERTIONS = NO;
				ENABLE_STRICT_OBJC_MSGSEND = YES;
				ENABLE_USER_SCRIPT_SANDBOXING = YES;
				GCC_C_LANGUAGE_STANDARD = gnu17;
				GCC_NO_COMMON_BLOCKS = YES;
				GCC_WARN_64_TO_32_BIT_CONVERSION = YES;
				GCC_WARN_ABOUT_RETURN_TYPE = YES_ERROR;
				GCC_WARN_UNDECLARED_SELECTOR = YES;
				GCC_WARN_UNINITIALIZED_AUTOS = YES_AGGRESSIVE;
				GCC_WARN_UNUSED_FUNCTION = YES;
				GCC_WARN_UNUSED_VARIABLE = YES;
				IPHONEOS_DEPLOYMENT_TARGET = 17.2;
				LOCALIZATION_PREFERS_STRING_CATALOGS = YES;
				MTL_ENABLE_DEBUG_INFO = NO;
				MTL_FAST_MATH = YES;
				SDKROOT = iphoneos;
				SWIFT_COMPILATION_MODE = wholemodule;
				VALIDATE_PRODUCT = YES;
			};
			name = Release;
		};
		8186921D2B6710BF00ABF222 /* Debug */ = {
			isa = XCBuildConfiguration;
			buildSettings = {
				ASSETCATALOG_COMPILER_APPICON_NAME = AppIcon;
				ASSETCATALOG_COMPILER_GLOBAL_ACCENT_COLOR_NAME = AccentColor;
				CODE_SIGN_STYLE = Automatic;
				CURRENT_PROJECT_VERSION = 1;
				DEVELOPMENT_ASSET_PATHS = "\"LottieAnimationsList/Preview Content\"";
				DEVELOPMENT_TEAM = U2ZN2W2UQJ;
				ENABLE_PREVIEWS = YES;
				GENERATE_INFOPLIST_FILE = YES;
				INFOPLIST_KEY_UIApplicationSceneManifest_Generation = YES;
				INFOPLIST_KEY_UIApplicationSupportsIndirectInputEvents = YES;
				INFOPLIST_KEY_UILaunchScreen_Generation = YES;
				INFOPLIST_KEY_UISupportedInterfaceOrientations_iPad = "UIInterfaceOrientationPortrait UIInterfaceOrientationPortraitUpsideDown UIInterfaceOrientationLandscapeLeft UIInterfaceOrientationLandscapeRight";
				INFOPLIST_KEY_UISupportedInterfaceOrientations_iPhone = "UIInterfaceOrientationPortrait UIInterfaceOrientationLandscapeLeft UIInterfaceOrientationLandscapeRight";
				LD_RUNPATH_SEARCH_PATHS = (
					"$(inherited)",
					"@executable_path/Frameworks",
				);
				MARKETING_VERSION = 1.0;
				PRODUCT_BUNDLE_IDENTIFIER = ca.on.lcs.LottieAnimationsList;
				PRODUCT_NAME = "$(TARGET_NAME)";
				SWIFT_EMIT_LOC_STRINGS = YES;
				SWIFT_VERSION = 5.0;
				TARGETED_DEVICE_FAMILY = "1,2";
			};
			name = Debug;
		};
		8186921E2B6710BF00ABF222 /* Release */ = {
			isa = XCBuildConfiguration;
			buildSettings = {
				ASSETCATALOG_COMPILER_APPICON_NAME = AppIcon;
				ASSETCATALOG_COMPILER_GLOBAL_ACCENT_COLOR_NAME = AccentColor;
				CODE_SIGN_STYLE = Automatic;
				CURRENT_PROJECT_VERSION = 1;
				DEVELOPMENT_ASSET_PATHS = "\"LottieAnimationsList/Preview Content\"";
				DEVELOPMENT_TEAM = U2ZN2W2UQJ;
				ENABLE_PREVIEWS = YES;
				GENERATE_INFOPLIST_FILE = YES;
				INFOPLIST_KEY_UIApplicationSceneManifest_Generation = YES;
				INFOPLIST_KEY_UIApplicationSupportsIndirectInputEvents = YES;
				INFOPLIST_KEY_UILaunchScreen_Generation = YES;
				INFOPLIST_KEY_UISupportedInterfaceOrientations_iPad = "UIInterfaceOrientationPortrait UIInterfaceOrientationPortraitUpsideDown UIInterfaceOrientationLandscapeLeft UIInterfaceOrientationLandscapeRight";
				INFOPLIST_KEY_UISupportedInterfaceOrientations_iPhone = "UIInterfaceOrientationPortrait UIInterfaceOrientationLandscapeLeft UIInterfaceOrientationLandscapeRight";
				LD_RUNPATH_SEARCH_PATHS = (
					"$(inherited)",
					"@executable_path/Frameworks",
				);
				MARKETING_VERSION = 1.0;
				PRODUCT_BUNDLE_IDENTIFIER = ca.on.lcs.LottieAnimationsList;
				PRODUCT_NAME = "$(TARGET_NAME)";
				SWIFT_EMIT_LOC_STRINGS = YES;
				SWIFT_VERSION = 5.0;
				TARGETED_DEVICE_FAMILY = "1,2";
			};
			name = Release;
		};
/* End XCBuildConfiguration section */

/* Begin XCConfigurationList section */
		818692092B6710BE00ABF222 /* Build configuration list for PBXProject "LottieAnimationsList" */ = {
			isa = XCConfigurationList;
			buildConfigurations = (
				8186921A2B6710BF00ABF222 /* Debug */,
				8186921B2B6710BF00ABF222 /* Release */,
			);
			defaultConfigurationIsVisible = 0;
			defaultConfigurationName = Release;
		};
		8186921C2B6710BF00ABF222 /* Build configuration list for PBXNativeTarget "LottieAnimationsList" */ = {
			isa = XCConfigurationList;
			buildConfigurations = (
				8186921D2B6710BF00ABF222 /* Debug */,
				8186921E2B6710BF00ABF222 /* Release */,
			);
			defaultConfigurationIsVisible = 0;
			defaultConfigurationName = Release;
		};
/* End XCConfigurationList section */

/* Begin XCRemoteSwiftPackageReference section */
		818692232B67126F00ABF222 /* XCRemoteSwiftPackageReference "lottie-ios" */ = {
			isa = XCRemoteSwiftPackageReference;
			repositoryURL = "https://github.com/airbnb/lottie-ios";
			requirement = {
				kind = upToNextMajorVersion;
				minimumVersion = 4.4.0;
			};
		};
/* End XCRemoteSwiftPackageReference section */

/* Begin XCSwiftPackageProductDependency section */
		818692242B67126F00ABF222 /* Lottie */ = {
			isa = XCSwiftPackageProductDependency;
			package = 818692232B67126F00ABF222 /* XCRemoteSwiftPackageReference "lottie-ios" */;
			productName = Lottie;
		};
/* End XCSwiftPackageProductDependency section */
	};
	rootObject = 818692062B6710BE00ABF222 /* Project object */;
}
